PODS:
  - PureLayout (3.1.4)
  - RxSwift (4.5.0)

DEPENDENCIES:
  - PureLayout
  - RxSwift (~> 4.0)

SPEC REPOS:
  https://github.com/cocoapods/specs.git:
    - PureLayout
    - RxSwift

SPEC CHECKSUMS:
  PureLayout: f08c01b8dec00bb14a1fefa3de4c7d9c265df85e
  RxSwift: f172070dfd1a93d70a9ab97a5a01166206e1c575

PODFILE CHECKSUM: 61b25ee0757d7152e533342fd45ba5c3773575cc

COCOAPODS: 1.6.1
