// !$*UTF8*$!
{
	archiveVersion = 1;
	classes = {
	};
	objectVersion = 50;
	objects = {

/* Begin PBXBuildFile section */
		1520FE352259872400699600 /* CharacterDetailBuilder.swift in Sources */ = {isa = PBXBuildFile; fileRef = 1520FE342259872400699600 /* CharacterDetailBuilder.swift */; };
		1520FE372259872E00699600 /* CharacterDetailLogic.swift in Sources */ = {isa = PBXBuildFile; fileRef = 1520FE362259872E00699600 /* CharacterDetailLogic.swift */; };
		1520FE392259873A00699600 /* CharacterDetailViewModel.swift in Sources */ = {isa = PBXBuildFile; fileRef = 1520FE382259873A00699600 /* CharacterDetailViewModel.swift */; };
		1520FE3B2259875100699600 /* CharacterDetailViewController.swift in Sources */ = {isa = PBXBuildFile; fileRef = 1520FE3A2259875100699600 /* CharacterDetailViewController.swift */; };
		152375152257E4000049E36C /* AppCoordinator.swift in Sources */ = {isa = PBXBuildFile; fileRef = 152375142257E4000049E36C /* AppCoordinator.swift */; };
		152375192257E4730049E36C /* Coordinatable.swift in Sources */ = {isa = PBXBuildFile; fileRef = 152375182257E4730049E36C /* Coordinatable.swift */; };
		1523751B2257E4AE0049E36C /* Coordinator.swift in Sources */ = {isa = PBXBuildFile; fileRef = 1523751A2257E4AE0049E36C /* Coordinator.swift */; };
		1523751D2257E53C0049E36C /* Reusable.swift in Sources */ = {isa = PBXBuildFile; fileRef = 1523751C2257E53C0049E36C /* Reusable.swift */; };
		1523751F2257E6FD0049E36C /* NavigationCoordinator.swift in Sources */ = {isa = PBXBuildFile; fileRef = 1523751E2257E6FD0049E36C /* NavigationCoordinator.swift */; };
		152375262257EDA10049E36C /* CatalogCoordinator.swift in Sources */ = {isa = PBXBuildFile; fileRef = 152375252257EDA10049E36C /* CatalogCoordinator.swift */; };
		1523752A2257EE380049E36C /* CharacterCatalogViewController.swift in Sources */ = {isa = PBXBuildFile; fileRef = 152375282257EE380049E36C /* CharacterCatalogViewController.swift */; };
		1523752D2257EE6D0049E36C /* ViewController.swift in Sources */ = {isa = PBXBuildFile; fileRef = 1523752C2257EE6D0049E36C /* ViewController.swift */; };
		1523752F2257EE890049E36C /* ViewConfiguration.swift in Sources */ = {isa = PBXBuildFile; fileRef = 1523752E2257EE890049E36C /* ViewConfiguration.swift */; };
		152375312257EECB0049E36C /* CharacterCatalogViewModel.swift in Sources */ = {isa = PBXBuildFile; fileRef = 152375302257EECB0049E36C /* CharacterCatalogViewModel.swift */; };
		152375332257EEF70049E36C /* CharacterCatalogLogic.swift in Sources */ = {isa = PBXBuildFile; fileRef = 152375322257EEF70049E36C /* CharacterCatalogLogic.swift */; };
		152375352257EF100049E36C /* CharacterCatalogBuilder.swift in Sources */ = {isa = PBXBuildFile; fileRef = 152375342257EF100049E36C /* CharacterCatalogBuilder.swift */; };
		152375382257F34F0049E36C /* MarvelAPI.swift in Sources */ = {isa = PBXBuildFile; fileRef = 152375372257F34F0049E36C /* MarvelAPI.swift */; };
		1523753C2257F3DD0049E36C /* MVLHeroesService.swift in Sources */ = {isa = PBXBuildFile; fileRef = 1523753B2257F3DD0049E36C /* MVLHeroesService.swift */; };
		15237541225807E20049E36C /* CatalogItemCollectionViewCell.swift in Sources */ = {isa = PBXBuildFile; fileRef = 1523753F225807E20049E36C /* CatalogItemCollectionViewCell.swift */; };
		15237542225807E20049E36C /* CatalogItemCollectionViewCell.xib in Resources */ = {isa = PBXBuildFile; fileRef = 15237540225807E20049E36C /* CatalogItemCollectionViewCell.xib */; };
		1523754522581F070049E36C /* Character.swift in Sources */ = {isa = PBXBuildFile; fileRef = 1523754422581F070049E36C /* Character.swift */; };
		1523754822581F550049E36C /* Image.swift in Sources */ = {isa = PBXBuildFile; fileRef = 1523754722581F550049E36C /* Image.swift */; };
		1523754A225823960049E36C /* CharacterDataWrapper.swift in Sources */ = {isa = PBXBuildFile; fileRef = 15237549225823960049E36C /* CharacterDataWrapper.swift */; };
		1523754C225823A60049E36C /* CharacterDataContainer.swift in Sources */ = {isa = PBXBuildFile; fileRef = 1523754B225823A60049E36C /* CharacterDataContainer.swift */; };
		155A21DD2259962F006CF035 /* CharacterDetailSection.swift in Sources */ = {isa = PBXBuildFile; fileRef = 155A21DC2259962F006CF035 /* CharacterDetailSection.swift */; };
		155A21DF22599D79006CF035 /* ComicList.swift in Sources */ = {isa = PBXBuildFile; fileRef = 155A21DE22599D79006CF035 /* ComicList.swift */; };
		155A21E122599DC2006CF035 /* ComicSummary.swift in Sources */ = {isa = PBXBuildFile; fileRef = 155A21E022599DC2006CF035 /* ComicSummary.swift */; };
		155A21EB2259AB4B006CF035 /* EventList.swift in Sources */ = {isa = PBXBuildFile; fileRef = 155A21EA2259AB4B006CF035 /* EventList.swift */; };
		155A21ED2259AB55006CF035 /* EventSummary.swift in Sources */ = {isa = PBXBuildFile; fileRef = 155A21EC2259AB55006CF035 /* EventSummary.swift */; };
		155A21EF2259ABC7006CF035 /* StoryList.swift in Sources */ = {isa = PBXBuildFile; fileRef = 155A21EE2259ABC7006CF035 /* StoryList.swift */; };
		155A21F12259ABD3006CF035 /* StorySummary.swift in Sources */ = {isa = PBXBuildFile; fileRef = 155A21F02259ABD3006CF035 /* StorySummary.swift */; };
		155A21F32259AC0B006CF035 /* SeriesList.swift in Sources */ = {isa = PBXBuildFile; fileRef = 155A21F22259AC0B006CF035 /* SeriesList.swift */; };
		155A21F52259AC16006CF035 /* SeriesSummary.swift in Sources */ = {isa = PBXBuildFile; fileRef = 155A21F42259AC16006CF035 /* SeriesSummary.swift */; };
		155A21FC2259B068006CF035 /* CharacterDetailHeaderTableViewCell.xib in Resources */ = {isa = PBXBuildFile; fileRef = 155A21FA2259B068006CF035 /* CharacterDetailHeaderTableViewCell.xib */; };
		155A21FD2259B068006CF035 /* CharacterDetailHeaderTableViewCell.swift in Sources */ = {isa = PBXBuildFile; fileRef = 155A21FB2259B068006CF035 /* CharacterDetailHeaderTableViewCell.swift */; };
		155A21FF2259B149006CF035 /* CharacterDetailHeaderTableViewCellDTO.swift in Sources */ = {isa = PBXBuildFile; fileRef = 155A21FE2259B149006CF035 /* CharacterDetailHeaderTableViewCellDTO.swift */; };
		155A22012259B1B3006CF035 /* ViewConfigurable.swift in Sources */ = {isa = PBXBuildFile; fileRef = 155A22002259B1B3006CF035 /* ViewConfigurable.swift */; };
		155A22052259C06B006CF035 /* CharacterContentTableViewCell.swift in Sources */ = {isa = PBXBuildFile; fileRef = 155A22032259C06B006CF035 /* CharacterContentTableViewCell.swift */; };
		155A22062259C06B006CF035 /* CharacterContentTableViewCell.xib in Resources */ = {isa = PBXBuildFile; fileRef = 155A22042259C06B006CF035 /* CharacterContentTableViewCell.xib */; };
		155A22082259C077006CF035 /* CharacterContentTableViewCellDTO.swift in Sources */ = {isa = PBXBuildFile; fileRef = 155A22072259C077006CF035 /* CharacterContentTableViewCellDTO.swift */; };
		155A220D225A5976006CF035 /* ActionTableViewCell.swift in Sources */ = {isa = PBXBuildFile; fileRef = 155A220B225A5976006CF035 /* ActionTableViewCell.swift */; };
		155A220E225A5976006CF035 /* ActionTableViewCell.xib in Resources */ = {isa = PBXBuildFile; fileRef = 155A220C225A5976006CF035 /* ActionTableViewCell.xib */; };
		155A2211225A5985006CF035 /* MessageTableViewCell.swift in Sources */ = {isa = PBXBuildFile; fileRef = 155A220F225A5985006CF035 /* MessageTableViewCell.swift */; };
		155A2212225A5985006CF035 /* MessageTableViewCell.xib in Resources */ = {isa = PBXBuildFile; fileRef = 155A2210225A5985006CF035 /* MessageTableViewCell.xib */; };
		155A2214225A5991006CF035 /* ActionTableViewCellDTO.swift in Sources */ = {isa = PBXBuildFile; fileRef = 155A2213225A5991006CF035 /* ActionTableViewCellDTO.swift */; };
		155A2216225A59A0006CF035 /* MessageTableViewCellDTO.swift in Sources */ = {isa = PBXBuildFile; fileRef = 155A2215225A59A0006CF035 /* MessageTableViewCellDTO.swift */; };
		155A221B225AA5C7006CF035 /* md5.swift in Sources */ = {isa = PBXBuildFile; fileRef = 155A221A225AA5C7006CF035 /* md5.swift */; };
		155A2220225AB136006CF035 /* LoadingViewController.swift in Sources */ = {isa = PBXBuildFile; fileRef = 155A221E225AB136006CF035 /* LoadingViewController.swift */; };
		155A2221225AB136006CF035 /* LoadingViewController.xib in Resources */ = {isa = PBXBuildFile; fileRef = 155A221F225AB136006CF035 /* LoadingViewController.xib */; };
		155A2223225AB1A7006CF035 /* UIViewController+Extensions.swift in Sources */ = {isa = PBXBuildFile; fileRef = 155A2222225AB1A7006CF035 /* UIViewController+Extensions.swift */; };
		155A2226225AB972006CF035 /* CharacterOption.swift in Sources */ = {isa = PBXBuildFile; fileRef = 155A2225225AB972006CF035 /* CharacterOption.swift */; };
		1569AAD422595F79004296D0 /* UIImageView+Extensions.swift in Sources */ = {isa = PBXBuildFile; fileRef = 1569AAD322595F79004296D0 /* UIImageView+Extensions.swift */; };
		156EA67B225AC12600CC855D /* AlertControllerPresentable.swift in Sources */ = {isa = PBXBuildFile; fileRef = 156EA67A225AC12600CC855D /* AlertControllerPresentable.swift */; };
		15CB8A282258304700FE6A29 /* CharacterMock.json in Resources */ = {isa = PBXBuildFile; fileRef = 15CB8A272258304700FE6A29 /* CharacterMock.json */; };
		15CB8A2A225838B100FE6A29 /* CatalogItemCollectionViewCellDTO.swift in Sources */ = {isa = PBXBuildFile; fileRef = 15CB8A29225838B100FE6A29 /* CatalogItemCollectionViewCellDTO.swift */; };
		2A6FF86EFC81945DF825A0D4 /* Pods_marvelapp.framework in Frameworks */ = {isa = PBXBuildFile; fileRef = 43389F0FA2A633DF0F76C8CF /* Pods_marvelapp.framework */; };
		3E1EB14722570326000A8E49 /* AppDelegate.swift in Sources */ = {isa = PBXBuildFile; fileRef = 3E1EB14622570326000A8E49 /* AppDelegate.swift */; };
		3E1EB14C22570326000A8E49 /* Main.storyboard in Resources */ = {isa = PBXBuildFile; fileRef = 3E1EB14A22570326000A8E49 /* Main.storyboard */; };
		3E1EB14F22570326000A8E49 /* marvelapp.xcdatamodeld in Sources */ = {isa = PBXBuildFile; fileRef = 3E1EB14D22570326000A8E49 /* marvelapp.xcdatamodeld */; };
		3E1EB15122570330000A8E49 /* Assets.xcassets in Resources */ = {isa = PBXBuildFile; fileRef = 3E1EB15022570330000A8E49 /* Assets.xcassets */; };
		3E1EB15422570330000A8E49 /* LaunchScreen.storyboard in Resources */ = {isa = PBXBuildFile; fileRef = 3E1EB15222570330000A8E49 /* LaunchScreen.storyboard */; };
		3E1EB15F22570330000A8E49 /* marvelappTests.swift in Sources */ = {isa = PBXBuildFile; fileRef = 3E1EB15E22570330000A8E49 /* marvelappTests.swift */; };
		3E1EB16A22570330000A8E49 /* marvelappUITests.swift in Sources */ = {isa = PBXBuildFile; fileRef = 3E1EB16922570330000A8E49 /* marvelappUITests.swift */; };
		8A8A314C9B6CA5B10AF70FE2 /* Pods_marvelappUITests.framework in Frameworks */ = {isa = PBXBuildFile; fileRef = 5D12CB378C177583C2E44D1E /* Pods_marvelappUITests.framework */; };
		8EB1B944B338BA872792B1D6 /* Pods_marvelappTests.framework in Frameworks */ = {isa = PBXBuildFile; fileRef = 792FBB3C7561EACEAA9E5A29 /* Pods_marvelappTests.framework */; };
/* End PBXBuildFile section */

/* Begin PBXContainerItemProxy section */
		3E1EB15B22570330000A8E49 /* PBXContainerItemProxy */ = {
			isa = PBXContainerItemProxy;
			containerPortal = 3E1EB13B22570326000A8E49 /* Project object */;
			proxyType = 1;
			remoteGlobalIDString = 3E1EB14222570326000A8E49;
			remoteInfo = marvelapp;
		};
		3E1EB16622570330000A8E49 /* PBXContainerItemProxy */ = {
			isa = PBXContainerItemProxy;
			containerPortal = 3E1EB13B22570326000A8E49 /* Project object */;
			proxyType = 1;
			remoteGlobalIDString = 3E1EB14222570326000A8E49;
			remoteInfo = marvelapp;
		};
/* End PBXContainerItemProxy section */

/* Begin PBXFileReference section */
		0A2AB89964957A6A4FD15353 /* Pods-marvelapp.debug.xcconfig */ = {isa = PBXFileReference; includeInIndex = 1; lastKnownFileType = text.xcconfig; name = "Pods-marvelapp.debug.xcconfig"; path = "Target Support Files/Pods-marvelapp/Pods-marvelapp.debug.xcconfig"; sourceTree = "<group>"; };
		1520FE342259872400699600 /* CharacterDetailBuilder.swift */ = {isa = PBXFileReference; lastKnownFileType = sourcecode.swift; path = CharacterDetailBuilder.swift; sourceTree = "<group>"; };
		1520FE362259872E00699600 /* CharacterDetailLogic.swift */ = {isa = PBXFileReference; lastKnownFileType = sourcecode.swift; path = CharacterDetailLogic.swift; sourceTree = "<group>"; };
		1520FE382259873A00699600 /* CharacterDetailViewModel.swift */ = {isa = PBXFileReference; lastKnownFileType = sourcecode.swift; path = CharacterDetailViewModel.swift; sourceTree = "<group>"; };
		1520FE3A2259875100699600 /* CharacterDetailViewController.swift */ = {isa = PBXFileReference; lastKnownFileType = sourcecode.swift; path = CharacterDetailViewController.swift; sourceTree = "<group>"; };
		152375142257E4000049E36C /* AppCoordinator.swift */ = {isa = PBXFileReference; lastKnownFileType = sourcecode.swift; path = AppCoordinator.swift; sourceTree = "<group>"; };
		152375182257E4730049E36C /* Coordinatable.swift */ = {isa = PBXFileReference; lastKnownFileType = sourcecode.swift; path = Coordinatable.swift; sourceTree = "<group>"; };
		1523751A2257E4AE0049E36C /* Coordinator.swift */ = {isa = PBXFileReference; lastKnownFileType = sourcecode.swift; path = Coordinator.swift; sourceTree = "<group>"; };
		1523751C2257E53C0049E36C /* Reusable.swift */ = {isa = PBXFileReference; lastKnownFileType = sourcecode.swift; path = Reusable.swift; sourceTree = "<group>"; };
		1523751E2257E6FD0049E36C /* NavigationCoordinator.swift */ = {isa = PBXFileReference; lastKnownFileType = sourcecode.swift; path = NavigationCoordinator.swift; sourceTree = "<group>"; };
		152375252257EDA10049E36C /* CatalogCoordinator.swift */ = {isa = PBXFileReference; lastKnownFileType = sourcecode.swift; path = CatalogCoordinator.swift; sourceTree = "<group>"; };
		152375282257EE380049E36C /* CharacterCatalogViewController.swift */ = {isa = PBXFileReference; lastKnownFileType = sourcecode.swift; path = CharacterCatalogViewController.swift; sourceTree = "<group>"; };
		1523752C2257EE6D0049E36C /* ViewController.swift */ = {isa = PBXFileReference; lastKnownFileType = sourcecode.swift; path = ViewController.swift; sourceTree = "<group>"; };
		1523752E2257EE890049E36C /* ViewConfiguration.swift */ = {isa = PBXFileReference; lastKnownFileType = sourcecode.swift; path = ViewConfiguration.swift; sourceTree = "<group>"; };
		152375302257EECB0049E36C /* CharacterCatalogViewModel.swift */ = {isa = PBXFileReference; lastKnownFileType = sourcecode.swift; path = CharacterCatalogViewModel.swift; sourceTree = "<group>"; };
		152375322257EEF70049E36C /* CharacterCatalogLogic.swift */ = {isa = PBXFileReference; lastKnownFileType = sourcecode.swift; path = CharacterCatalogLogic.swift; sourceTree = "<group>"; };
		152375342257EF100049E36C /* CharacterCatalogBuilder.swift */ = {isa = PBXFileReference; lastKnownFileType = sourcecode.swift; path = CharacterCatalogBuilder.swift; sourceTree = "<group>"; };
		152375372257F34F0049E36C /* MarvelAPI.swift */ = {isa = PBXFileReference; lastKnownFileType = sourcecode.swift; path = MarvelAPI.swift; sourceTree = "<group>"; };
		1523753B2257F3DD0049E36C /* MVLHeroesService.swift */ = {isa = PBXFileReference; lastKnownFileType = sourcecode.swift; path = MVLHeroesService.swift; sourceTree = "<group>"; };
		1523753F225807E20049E36C /* CatalogItemCollectionViewCell.swift */ = {isa = PBXFileReference; lastKnownFileType = sourcecode.swift; path = CatalogItemCollectionViewCell.swift; sourceTree = "<group>"; };
		15237540225807E20049E36C /* CatalogItemCollectionViewCell.xib */ = {isa = PBXFileReference; lastKnownFileType = file.xib; path = CatalogItemCollectionViewCell.xib; sourceTree = "<group>"; };
		1523754422581F070049E36C /* Character.swift */ = {isa = PBXFileReference; lastKnownFileType = sourcecode.swift; path = Character.swift; sourceTree = "<group>"; };
		1523754722581F550049E36C /* Image.swift */ = {isa = PBXFileReference; lastKnownFileType = sourcecode.swift; path = Image.swift; sourceTree = "<group>"; };
		15237549225823960049E36C /* CharacterDataWrapper.swift */ = {isa = PBXFileReference; lastKnownFileType = sourcecode.swift; path = CharacterDataWrapper.swift; sourceTree = "<group>"; };
		1523754B225823A60049E36C /* CharacterDataContainer.swift */ = {isa = PBXFileReference; lastKnownFileType = sourcecode.swift; path = CharacterDataContainer.swift; sourceTree = "<group>"; };
		155A21DC2259962F006CF035 /* CharacterDetailSection.swift */ = {isa = PBXFileReference; lastKnownFileType = sourcecode.swift; path = CharacterDetailSection.swift; sourceTree = "<group>"; };
		155A21DE22599D79006CF035 /* ComicList.swift */ = {isa = PBXFileReference; lastKnownFileType = sourcecode.swift; path = ComicList.swift; sourceTree = "<group>"; };
		155A21E022599DC2006CF035 /* ComicSummary.swift */ = {isa = PBXFileReference; lastKnownFileType = sourcecode.swift; path = ComicSummary.swift; sourceTree = "<group>"; };
		155A21EA2259AB4B006CF035 /* EventList.swift */ = {isa = PBXFileReference; lastKnownFileType = sourcecode.swift; path = EventList.swift; sourceTree = "<group>"; };
		155A21EC2259AB55006CF035 /* EventSummary.swift */ = {isa = PBXFileReference; lastKnownFileType = sourcecode.swift; path = EventSummary.swift; sourceTree = "<group>"; };
		155A21EE2259ABC7006CF035 /* StoryList.swift */ = {isa = PBXFileReference; lastKnownFileType = sourcecode.swift; path = StoryList.swift; sourceTree = "<group>"; };
		155A21F02259ABD3006CF035 /* StorySummary.swift */ = {isa = PBXFileReference; lastKnownFileType = sourcecode.swift; path = StorySummary.swift; sourceTree = "<group>"; };
		155A21F22259AC0B006CF035 /* SeriesList.swift */ = {isa = PBXFileReference; lastKnownFileType = sourcecode.swift; path = SeriesList.swift; sourceTree = "<group>"; };
		155A21F42259AC16006CF035 /* SeriesSummary.swift */ = {isa = PBXFileReference; lastKnownFileType = sourcecode.swift; path = SeriesSummary.swift; sourceTree = "<group>"; };
		155A21FA2259B068006CF035 /* CharacterDetailHeaderTableViewCell.xib */ = {isa = PBXFileReference; fileEncoding = 4; lastKnownFileType = file.xib; path = CharacterDetailHeaderTableViewCell.xib; sourceTree = "<group>"; };
		155A21FB2259B068006CF035 /* CharacterDetailHeaderTableViewCell.swift */ = {isa = PBXFileReference; fileEncoding = 4; lastKnownFileType = sourcecode.swift; path = CharacterDetailHeaderTableViewCell.swift; sourceTree = "<group>"; };
		155A21FE2259B149006CF035 /* CharacterDetailHeaderTableViewCellDTO.swift */ = {isa = PBXFileReference; lastKnownFileType = sourcecode.swift; path = CharacterDetailHeaderTableViewCellDTO.swift; sourceTree = "<group>"; };
		155A22002259B1B3006CF035 /* ViewConfigurable.swift */ = {isa = PBXFileReference; lastKnownFileType = sourcecode.swift; path = ViewConfigurable.swift; sourceTree = "<group>"; };
		155A22032259C06B006CF035 /* CharacterContentTableViewCell.swift */ = {isa = PBXFileReference; lastKnownFileType = sourcecode.swift; path = CharacterContentTableViewCell.swift; sourceTree = "<group>"; };
		155A22042259C06B006CF035 /* CharacterContentTableViewCell.xib */ = {isa = PBXFileReference; lastKnownFileType = file.xib; path = CharacterContentTableViewCell.xib; sourceTree = "<group>"; };
		155A22072259C077006CF035 /* CharacterContentTableViewCellDTO.swift */ = {isa = PBXFileReference; lastKnownFileType = sourcecode.swift; path = CharacterContentTableViewCellDTO.swift; sourceTree = "<group>"; };
		155A220B225A5976006CF035 /* ActionTableViewCell.swift */ = {isa = PBXFileReference; lastKnownFileType = sourcecode.swift; path = ActionTableViewCell.swift; sourceTree = "<group>"; };
		155A220C225A5976006CF035 /* ActionTableViewCell.xib */ = {isa = PBXFileReference; lastKnownFileType = file.xib; path = ActionTableViewCell.xib; sourceTree = "<group>"; };
		155A220F225A5985006CF035 /* MessageTableViewCell.swift */ = {isa = PBXFileReference; lastKnownFileType = sourcecode.swift; path = MessageTableViewCell.swift; sourceTree = "<group>"; };
		155A2210225A5985006CF035 /* MessageTableViewCell.xib */ = {isa = PBXFileReference; lastKnownFileType = file.xib; path = MessageTableViewCell.xib; sourceTree = "<group>"; };
		155A2213225A5991006CF035 /* ActionTableViewCellDTO.swift */ = {isa = PBXFileReference; lastKnownFileType = sourcecode.swift; path = ActionTableViewCellDTO.swift; sourceTree = "<group>"; };
		155A2215225A59A0006CF035 /* MessageTableViewCellDTO.swift */ = {isa = PBXFileReference; lastKnownFileType = sourcecode.swift; path = MessageTableViewCellDTO.swift; sourceTree = "<group>"; };
		155A221A225AA5C7006CF035 /* md5.swift */ = {isa = PBXFileReference; lastKnownFileType = sourcecode.swift; path = md5.swift; sourceTree = "<group>"; };
		155A221E225AB136006CF035 /* LoadingViewController.swift */ = {isa = PBXFileReference; lastKnownFileType = sourcecode.swift; path = LoadingViewController.swift; sourceTree = "<group>"; };
		155A221F225AB136006CF035 /* LoadingViewController.xib */ = {isa = PBXFileReference; lastKnownFileType = file.xib; path = LoadingViewController.xib; sourceTree = "<group>"; };
		155A2222225AB1A7006CF035 /* UIViewController+Extensions.swift */ = {isa = PBXFileReference; lastKnownFileType = sourcecode.swift; path = "UIViewController+Extensions.swift"; sourceTree = "<group>"; };
		155A2225225AB972006CF035 /* CharacterOption.swift */ = {isa = PBXFileReference; lastKnownFileType = sourcecode.swift; path = CharacterOption.swift; sourceTree = "<group>"; };
		1569AAD322595F79004296D0 /* UIImageView+Extensions.swift */ = {isa = PBXFileReference; lastKnownFileType = sourcecode.swift; path = "UIImageView+Extensions.swift"; sourceTree = "<group>"; };
		156EA67A225AC12600CC855D /* AlertControllerPresentable.swift */ = {isa = PBXFileReference; lastKnownFileType = sourcecode.swift; path = AlertControllerPresentable.swift; sourceTree = "<group>"; };
		15CB8A272258304700FE6A29 /* CharacterMock.json */ = {isa = PBXFileReference; lastKnownFileType = text.json; path = CharacterMock.json; sourceTree = "<group>"; };
		15CB8A29225838B100FE6A29 /* CatalogItemCollectionViewCellDTO.swift */ = {isa = PBXFileReference; lastKnownFileType = sourcecode.swift; path = CatalogItemCollectionViewCellDTO.swift; sourceTree = "<group>"; };
		3C83A76370F93B477EF48F67 /* Pods-marvelappTests.debug.xcconfig */ = {isa = PBXFileReference; includeInIndex = 1; lastKnownFileType = text.xcconfig; name = "Pods-marvelappTests.debug.xcconfig"; path = "Target Support Files/Pods-marvelappTests/Pods-marvelappTests.debug.xcconfig"; sourceTree = "<group>"; };
		3E1EB14322570326000A8E49 /* marvelapp.app */ = {isa = PBXFileReference; explicitFileType = wrapper.application; includeInIndex = 0; path = marvelapp.app; sourceTree = BUILT_PRODUCTS_DIR; };
		3E1EB14622570326000A8E49 /* AppDelegate.swift */ = {isa = PBXFileReference; lastKnownFileType = sourcecode.swift; path = AppDelegate.swift; sourceTree = "<group>"; };
		3E1EB14B22570326000A8E49 /* Base */ = {isa = PBXFileReference; lastKnownFileType = file.storyboard; name = Base; path = Base.lproj/Main.storyboard; sourceTree = "<group>"; };
		3E1EB14E22570326000A8E49 /* marvelapp.xcdatamodel */ = {isa = PBXFileReference; lastKnownFileType = wrapper.xcdatamodel; path = marvelapp.xcdatamodel; sourceTree = "<group>"; };
		3E1EB15022570330000A8E49 /* Assets.xcassets */ = {isa = PBXFileReference; lastKnownFileType = folder.assetcatalog; path = Assets.xcassets; sourceTree = "<group>"; };
		3E1EB15322570330000A8E49 /* Base */ = {isa = PBXFileReference; lastKnownFileType = file.storyboard; name = Base; path = Base.lproj/LaunchScreen.storyboard; sourceTree = "<group>"; };
		3E1EB15522570330000A8E49 /* Info.plist */ = {isa = PBXFileReference; lastKnownFileType = text.plist.xml; path = Info.plist; sourceTree = "<group>"; };
		3E1EB15A22570330000A8E49 /* marvelappTests.xctest */ = {isa = PBXFileReference; explicitFileType = wrapper.cfbundle; includeInIndex = 0; path = marvelappTests.xctest; sourceTree = BUILT_PRODUCTS_DIR; };
		3E1EB15E22570330000A8E49 /* marvelappTests.swift */ = {isa = PBXFileReference; lastKnownFileType = sourcecode.swift; path = marvelappTests.swift; sourceTree = "<group>"; };
		3E1EB16022570330000A8E49 /* Info.plist */ = {isa = PBXFileReference; lastKnownFileType = text.plist.xml; path = Info.plist; sourceTree = "<group>"; };
		3E1EB16522570330000A8E49 /* marvelappUITests.xctest */ = {isa = PBXFileReference; explicitFileType = wrapper.cfbundle; includeInIndex = 0; path = marvelappUITests.xctest; sourceTree = BUILT_PRODUCTS_DIR; };
		3E1EB16922570330000A8E49 /* marvelappUITests.swift */ = {isa = PBXFileReference; lastKnownFileType = sourcecode.swift; path = marvelappUITests.swift; sourceTree = "<group>"; };
		3E1EB16B22570330000A8E49 /* Info.plist */ = {isa = PBXFileReference; lastKnownFileType = text.plist.xml; path = Info.plist; sourceTree = "<group>"; };
		43389F0FA2A633DF0F76C8CF /* Pods_marvelapp.framework */ = {isa = PBXFileReference; explicitFileType = wrapper.framework; includeInIndex = 0; path = Pods_marvelapp.framework; sourceTree = BUILT_PRODUCTS_DIR; };
		51DCEC98336F6A3C491A5645 /* Pods-marvelappTests.release.xcconfig */ = {isa = PBXFileReference; includeInIndex = 1; lastKnownFileType = text.xcconfig; name = "Pods-marvelappTests.release.xcconfig"; path = "Target Support Files/Pods-marvelappTests/Pods-marvelappTests.release.xcconfig"; sourceTree = "<group>"; };
		5D12CB378C177583C2E44D1E /* Pods_marvelappUITests.framework */ = {isa = PBXFileReference; explicitFileType = wrapper.framework; includeInIndex = 0; path = Pods_marvelappUITests.framework; sourceTree = BUILT_PRODUCTS_DIR; };
		695C247406ADEB9428F01ADC /* Pods-marvelappUITests.debug.xcconfig */ = {isa = PBXFileReference; includeInIndex = 1; lastKnownFileType = text.xcconfig; name = "Pods-marvelappUITests.debug.xcconfig"; path = "Target Support Files/Pods-marvelappUITests/Pods-marvelappUITests.debug.xcconfig"; sourceTree = "<group>"; };
		792FBB3C7561EACEAA9E5A29 /* Pods_marvelappTests.framework */ = {isa = PBXFileReference; explicitFileType = wrapper.framework; includeInIndex = 0; path = Pods_marvelappTests.framework; sourceTree = BUILT_PRODUCTS_DIR; };
		A290D243142AE35AED257948 /* Pods-marvelapp.release.xcconfig */ = {isa = PBXFileReference; includeInIndex = 1; lastKnownFileType = text.xcconfig; name = "Pods-marvelapp.release.xcconfig"; path = "Target Support Files/Pods-marvelapp/Pods-marvelapp.release.xcconfig"; sourceTree = "<group>"; };
		CB6C661E874AD3DEAD028EDE /* Pods-marvelappUITests.release.xcconfig */ = {isa = PBXFileReference; includeInIndex = 1; lastKnownFileType = text.xcconfig; name = "Pods-marvelappUITests.release.xcconfig"; path = "Target Support Files/Pods-marvelappUITests/Pods-marvelappUITests.release.xcconfig"; sourceTree = "<group>"; };
/* End PBXFileReference section */

/* Begin PBXFrameworksBuildPhase section */
		3E1EB14022570326000A8E49 /* Frameworks */ = {
			isa = PBXFrameworksBuildPhase;
			buildActionMask = 2147483647;
			files = (
				2A6FF86EFC81945DF825A0D4 /* Pods_marvelapp.framework in Frameworks */,
			);
			runOnlyForDeploymentPostprocessing = 0;
		};
		3E1EB15722570330000A8E49 /* Frameworks */ = {
			isa = PBXFrameworksBuildPhase;
			buildActionMask = 2147483647;
			files = (
				8EB1B944B338BA872792B1D6 /* Pods_marvelappTests.framework in Frameworks */,
			);
			runOnlyForDeploymentPostprocessing = 0;
		};
		3E1EB16222570330000A8E49 /* Frameworks */ = {
			isa = PBXFrameworksBuildPhase;
			buildActionMask = 2147483647;
			files = (
				8A8A314C9B6CA5B10AF70FE2 /* Pods_marvelappUITests.framework in Frameworks */,
			);
			runOnlyForDeploymentPostprocessing = 0;
		};
/* End PBXFrameworksBuildPhase section */

/* Begin PBXGroup section */
		1520FE33225986BF00699600 /* CharacterDetail */ = {
			isa = PBXGroup;
			children = (
				155A21DC2259962F006CF035 /* CharacterDetailSection.swift */,
				1520FE342259872400699600 /* CharacterDetailBuilder.swift */,
				1520FE362259872E00699600 /* CharacterDetailLogic.swift */,
				1520FE382259873A00699600 /* CharacterDetailViewModel.swift */,
				1520FE3A2259875100699600 /* CharacterDetailViewController.swift */,
			);
			path = CharacterDetail;
			sourceTree = "<group>";
		};
		152375122257E3DE0049E36C /* Source */ = {
			isa = PBXGroup;
			children = (
				152375142257E4000049E36C /* AppCoordinator.swift */,
				152375242257ED330049E36C /* Catalog */,
			);
			path = Source;
			sourceTree = "<group>";
		};
		152375162257E42D0049E36C /* Protocols */ = {
			isa = PBXGroup;
			children = (
				152375182257E4730049E36C /* Coordinatable.swift */,
				1523751C2257E53C0049E36C /* Reusable.swift */,
				1523752E2257EE890049E36C /* ViewConfiguration.swift */,
				155A22002259B1B3006CF035 /* ViewConfigurable.swift */,
				156EA67A225AC12600CC855D /* AlertControllerPresentable.swift */,
			);
			path = Protocols;
			sourceTree = "<group>";
		};
		152375172257E44F0049E36C /* Classes */ = {
			isa = PBXGroup;
			children = (
				1523751A2257E4AE0049E36C /* Coordinator.swift */,
				1523751E2257E6FD0049E36C /* NavigationCoordinator.swift */,
				1523752C2257EE6D0049E36C /* ViewController.swift */,
			);
			path = Classes;
			sourceTree = "<group>";
		};
		152375242257ED330049E36C /* Catalog */ = {
			isa = PBXGroup;
			children = (
				152375252257EDA10049E36C /* CatalogCoordinator.swift */,
				152375272257EE070049E36C /* CharacterCatalog */,
				1520FE33225986BF00699600 /* CharacterDetail */,
			);
			path = Catalog;
			sourceTree = "<group>";
		};
		152375272257EE070049E36C /* CharacterCatalog */ = {
			isa = PBXGroup;
			children = (
				152375342257EF100049E36C /* CharacterCatalogBuilder.swift */,
				152375322257EEF70049E36C /* CharacterCatalogLogic.swift */,
				152375302257EECB0049E36C /* CharacterCatalogViewModel.swift */,
				152375282257EE380049E36C /* CharacterCatalogViewController.swift */,
			);
			path = CharacterCatalog;
			sourceTree = "<group>";
		};
		152375362257F3160049E36C /* Service */ = {
			isa = PBXGroup;
			children = (
				152375372257F34F0049E36C /* MarvelAPI.swift */,
				1523753B2257F3DD0049E36C /* MVLHeroesService.swift */,
				15CB8A262258302D00FE6A29 /* Mocks */,
				1523754622581F370049E36C /* Models */,
				155A2219225AA5B7006CF035 /* Utils */,
			);
			path = Service;
			sourceTree = "<group>";
		};
		1523753D225807630049E36C /* Cells */ = {
			isa = PBXGroup;
			children = (
				155A220A225A5958006CF035 /* MessageCell */,
				155A2209225A594D006CF035 /* ActionCell */,
				155A22022259C03A006CF035 /* CharacterContentCell */,
				155A21D5225994DC006CF035 /* CharacterDetailHeaderCell */,
				1523753E225807B00049E36C /* CatalogItemCell */,
			);
			path = Cells;
			sourceTree = "<group>";
		};
		1523753E225807B00049E36C /* CatalogItemCell */ = {
			isa = PBXGroup;
			children = (
				15CB8A29225838B100FE6A29 /* CatalogItemCollectionViewCellDTO.swift */,
				1523753F225807E20049E36C /* CatalogItemCollectionViewCell.swift */,
				15237540225807E20049E36C /* CatalogItemCollectionViewCell.xib */,
			);
			path = CatalogItemCell;
			sourceTree = "<group>";
		};
		1523754622581F370049E36C /* Models */ = {
			isa = PBXGroup;
			children = (
				15237549225823960049E36C /* CharacterDataWrapper.swift */,
				1523754B225823A60049E36C /* CharacterDataContainer.swift */,
				1523754422581F070049E36C /* Character.swift */,
				1523754722581F550049E36C /* Image.swift */,
				155A21DE22599D79006CF035 /* ComicList.swift */,
				155A21E022599DC2006CF035 /* ComicSummary.swift */,
				155A21EA2259AB4B006CF035 /* EventList.swift */,
				155A21EC2259AB55006CF035 /* EventSummary.swift */,
				155A21EE2259ABC7006CF035 /* StoryList.swift */,
				155A21F02259ABD3006CF035 /* StorySummary.swift */,
				155A21F22259AC0B006CF035 /* SeriesList.swift */,
				155A21F42259AC16006CF035 /* SeriesSummary.swift */,
			);
			path = Models;
			sourceTree = "<group>";
		};
		155A21D5225994DC006CF035 /* CharacterDetailHeaderCell */ = {
			isa = PBXGroup;
			children = (
				155A21FE2259B149006CF035 /* CharacterDetailHeaderTableViewCellDTO.swift */,
				155A21FB2259B068006CF035 /* CharacterDetailHeaderTableViewCell.swift */,
				155A21FA2259B068006CF035 /* CharacterDetailHeaderTableViewCell.xib */,
			);
			path = CharacterDetailHeaderCell;
			sourceTree = "<group>";
		};
		155A22022259C03A006CF035 /* CharacterContentCell */ = {
			isa = PBXGroup;
			children = (
				155A22072259C077006CF035 /* CharacterContentTableViewCellDTO.swift */,
				155A22032259C06B006CF035 /* CharacterContentTableViewCell.swift */,
				155A22042259C06B006CF035 /* CharacterContentTableViewCell.xib */,
			);
			path = CharacterContentCell;
			sourceTree = "<group>";
		};
		155A2209225A594D006CF035 /* ActionCell */ = {
			isa = PBXGroup;
			children = (
				155A2213225A5991006CF035 /* ActionTableViewCellDTO.swift */,
				155A220B225A5976006CF035 /* ActionTableViewCell.swift */,
				155A220C225A5976006CF035 /* ActionTableViewCell.xib */,
			);
			path = ActionCell;
			sourceTree = "<group>";
		};
		155A220A225A5958006CF035 /* MessageCell */ = {
			isa = PBXGroup;
			children = (
				155A2215225A59A0006CF035 /* MessageTableViewCellDTO.swift */,
				155A220F225A5985006CF035 /* MessageTableViewCell.swift */,
				155A2210225A5985006CF035 /* MessageTableViewCell.xib */,
			);
			path = MessageCell;
			sourceTree = "<group>";
		};
		155A2219225AA5B7006CF035 /* Utils */ = {
			isa = PBXGroup;
			children = (
				155A221A225AA5C7006CF035 /* md5.swift */,
			);
			path = Utils;
			sourceTree = "<group>";
		};
		155A221C225AB10A006CF035 /* Utils */ = {
			isa = PBXGroup;
			children = (
				155A221D225AB113006CF035 /* LoadingViewController */,
			);
			path = Utils;
			sourceTree = "<group>";
		};
		155A221D225AB113006CF035 /* LoadingViewController */ = {
			isa = PBXGroup;
			children = (
				155A221E225AB136006CF035 /* LoadingViewController.swift */,
				155A221F225AB136006CF035 /* LoadingViewController.xib */,
			);
			path = LoadingViewController;
			sourceTree = "<group>";
		};
		155A2224225AB948006CF035 /* Entities */ = {
			isa = PBXGroup;
			children = (
				155A2225225AB972006CF035 /* CharacterOption.swift */,
			);
			path = Entities;
			sourceTree = "<group>";
		};
		1569AAD222595F63004296D0 /* Extensions */ = {
			isa = PBXGroup;
			children = (
				1569AAD322595F79004296D0 /* UIImageView+Extensions.swift */,
				155A2222225AB1A7006CF035 /* UIViewController+Extensions.swift */,
			);
			path = Extensions;
			sourceTree = "<group>";
		};
		15CB8A262258302D00FE6A29 /* Mocks */ = {
			isa = PBXGroup;
			children = (
				15CB8A272258304700FE6A29 /* CharacterMock.json */,
			);
			path = Mocks;
			sourceTree = "<group>";
		};
		2CC8FFDF25881DB79BD7295B /* Pods */ = {
			isa = PBXGroup;
			children = (
				0A2AB89964957A6A4FD15353 /* Pods-marvelapp.debug.xcconfig */,
				A290D243142AE35AED257948 /* Pods-marvelapp.release.xcconfig */,
				3C83A76370F93B477EF48F67 /* Pods-marvelappTests.debug.xcconfig */,
				51DCEC98336F6A3C491A5645 /* Pods-marvelappTests.release.xcconfig */,
				695C247406ADEB9428F01ADC /* Pods-marvelappUITests.debug.xcconfig */,
				CB6C661E874AD3DEAD028EDE /* Pods-marvelappUITests.release.xcconfig */,
			);
			path = Pods;
			sourceTree = "<group>";
		};
		3E1EB13A22570326000A8E49 = {
			isa = PBXGroup;
			children = (
				3E1EB14522570326000A8E49 /* marvelapp */,
				3E1EB15D22570330000A8E49 /* marvelappTests */,
				3E1EB16822570330000A8E49 /* marvelappUITests */,
				3E1EB14422570326000A8E49 /* Products */,
				2CC8FFDF25881DB79BD7295B /* Pods */,
				8DDEA4DBCDABDBC6351CB99B /* Frameworks */,
			);
			sourceTree = "<group>";
		};
		3E1EB14422570326000A8E49 /* Products */ = {
			isa = PBXGroup;
			children = (
				3E1EB14322570326000A8E49 /* marvelapp.app */,
				3E1EB15A22570330000A8E49 /* marvelappTests.xctest */,
				3E1EB16522570330000A8E49 /* marvelappUITests.xctest */,
			);
			name = Products;
			sourceTree = "<group>";
		};
		3E1EB14522570326000A8E49 /* marvelapp */ = {
			isa = PBXGroup;
			children = (
				3E1EB14622570326000A8E49 /* AppDelegate.swift */,
				1569AAD222595F63004296D0 /* Extensions */,
				152375172257E44F0049E36C /* Classes */,
				152375162257E42D0049E36C /* Protocols */,
				155A2224225AB948006CF035 /* Entities */,
				1523753D225807630049E36C /* Cells */,
				152375362257F3160049E36C /* Service */,
				152375122257E3DE0049E36C /* Source */,
				155A221C225AB10A006CF035 /* Utils */,
				3E1EB14A22570326000A8E49 /* Main.storyboard */,
				3E1EB15022570330000A8E49 /* Assets.xcassets */,
				3E1EB15222570330000A8E49 /* LaunchScreen.storyboard */,
				3E1EB15522570330000A8E49 /* Info.plist */,
				3E1EB14D22570326000A8E49 /* marvelapp.xcdatamodeld */,
			);
			path = marvelapp;
			sourceTree = "<group>";
		};
		3E1EB15D22570330000A8E49 /* marvelappTests */ = {
			isa = PBXGroup;
			children = (
				3E1EB15E22570330000A8E49 /* marvelappTests.swift */,
				3E1EB16022570330000A8E49 /* Info.plist */,
			);
			path = marvelappTests;
			sourceTree = "<group>";
		};
		3E1EB16822570330000A8E49 /* marvelappUITests */ = {
			isa = PBXGroup;
			children = (
				3E1EB16922570330000A8E49 /* marvelappUITests.swift */,
				3E1EB16B22570330000A8E49 /* Info.plist */,
			);
			path = marvelappUITests;
			sourceTree = "<group>";
		};
		8DDEA4DBCDABDBC6351CB99B /* Frameworks */ = {
			isa = PBXGroup;
			children = (
				43389F0FA2A633DF0F76C8CF /* Pods_marvelapp.framework */,
				792FBB3C7561EACEAA9E5A29 /* Pods_marvelappTests.framework */,
				5D12CB378C177583C2E44D1E /* Pods_marvelappUITests.framework */,
			);
			name = Frameworks;
			sourceTree = "<group>";
		};
/* End PBXGroup section */

/* Begin PBXNativeTarget section */
		3E1EB14222570326000A8E49 /* marvelapp */ = {
			isa = PBXNativeTarget;
			buildConfigurationList = 3E1EB16E22570330000A8E49 /* Build configuration list for PBXNativeTarget "marvelapp" */;
			buildPhases = (
				0A83E71F6D17E9DDEC2C0482 /* [CP] Check Pods Manifest.lock */,
				3E1EB13F22570326000A8E49 /* Sources */,
				3E1EB14022570326000A8E49 /* Frameworks */,
				3E1EB14122570326000A8E49 /* Resources */,
				F6167164721D5C4BE815423D /* [CP] Embed Pods Frameworks */,
			);
			buildRules = (
			);
			dependencies = (
			);
			name = marvelapp;
			productName = marvelapp;
			productReference = 3E1EB14322570326000A8E49 /* marvelapp.app */;
			productType = "com.apple.product-type.application";
		};
		3E1EB15922570330000A8E49 /* marvelappTests */ = {
			isa = PBXNativeTarget;
			buildConfigurationList = 3E1EB17122570330000A8E49 /* Build configuration list for PBXNativeTarget "marvelappTests" */;
			buildPhases = (
				0D6621AFE42F3BFAB356838C /* [CP] Check Pods Manifest.lock */,
				3E1EB15622570330000A8E49 /* Sources */,
				3E1EB15722570330000A8E49 /* Frameworks */,
				3E1EB15822570330000A8E49 /* Resources */,
			);
			buildRules = (
			);
			dependencies = (
				3E1EB15C22570330000A8E49 /* PBXTargetDependency */,
			);
			name = marvelappTests;
			productName = marvelappTests;
			productReference = 3E1EB15A22570330000A8E49 /* marvelappTests.xctest */;
			productType = "com.apple.product-type.bundle.unit-test";
		};
		3E1EB16422570330000A8E49 /* marvelappUITests */ = {
			isa = PBXNativeTarget;
			buildConfigurationList = 3E1EB17422570330000A8E49 /* Build configuration list for PBXNativeTarget "marvelappUITests" */;
			buildPhases = (
				58B74A961CF4028E33E15038 /* [CP] Check Pods Manifest.lock */,
				3E1EB16122570330000A8E49 /* Sources */,
				3E1EB16222570330000A8E49 /* Frameworks */,
				3E1EB16322570330000A8E49 /* Resources */,
			);
			buildRules = (
			);
			dependencies = (
				3E1EB16722570330000A8E49 /* PBXTargetDependency */,
			);
			name = marvelappUITests;
			productName = marvelappUITests;
			productReference = 3E1EB16522570330000A8E49 /* marvelappUITests.xctest */;
			productType = "com.apple.product-type.bundle.ui-testing";
		};
/* End PBXNativeTarget section */

/* Begin PBXProject section */
		3E1EB13B22570326000A8E49 /* Project object */ = {
			isa = PBXProject;
			attributes = {
				LastSwiftUpdateCheck = 1010;
				LastUpgradeCheck = 1010;
				ORGANIZATIONNAME = "Felipe Antonio Cardoso";
				TargetAttributes = {
					3E1EB14222570326000A8E49 = {
						CreatedOnToolsVersion = 10.1;
					};
					3E1EB15922570330000A8E49 = {
						CreatedOnToolsVersion = 10.1;
						TestTargetID = 3E1EB14222570326000A8E49;
					};
					3E1EB16422570330000A8E49 = {
						CreatedOnToolsVersion = 10.1;
						TestTargetID = 3E1EB14222570326000A8E49;
					};
				};
			};
			buildConfigurationList = 3E1EB13E22570326000A8E49 /* Build configuration list for PBXProject "marvelapp" */;
			compatibilityVersion = "Xcode 9.3";
			developmentRegion = en;
			hasScannedForEncodings = 0;
			knownRegions = (
				en,
				Base,
			);
			mainGroup = 3E1EB13A22570326000A8E49;
			productRefGroup = 3E1EB14422570326000A8E49 /* Products */;
			projectDirPath = "";
			projectRoot = "";
			targets = (
				3E1EB14222570326000A8E49 /* marvelapp */,
				3E1EB15922570330000A8E49 /* marvelappTests */,
				3E1EB16422570330000A8E49 /* marvelappUITests */,
			);
		};
/* End PBXProject section */

/* Begin PBXResourcesBuildPhase section */
		3E1EB14122570326000A8E49 /* Resources */ = {
			isa = PBXResourcesBuildPhase;
			buildActionMask = 2147483647;
			files = (
				3E1EB15422570330000A8E49 /* LaunchScreen.storyboard in Resources */,
				155A220E225A5976006CF035 /* ActionTableViewCell.xib in Resources */,
				15237542225807E20049E36C /* CatalogItemCollectionViewCell.xib in Resources */,
				155A2221225AB136006CF035 /* LoadingViewController.xib in Resources */,
				155A21FC2259B068006CF035 /* CharacterDetailHeaderTableViewCell.xib in Resources */,
				155A2212225A5985006CF035 /* MessageTableViewCell.xib in Resources */,
				3E1EB15122570330000A8E49 /* Assets.xcassets in Resources */,
				15CB8A282258304700FE6A29 /* CharacterMock.json in Resources */,
				155A22062259C06B006CF035 /* CharacterContentTableViewCell.xib in Resources */,
				3E1EB14C22570326000A8E49 /* Main.storyboard in Resources */,
			);
			runOnlyForDeploymentPostprocessing = 0;
		};
		3E1EB15822570330000A8E49 /* Resources */ = {
			isa = PBXResourcesBuildPhase;
			buildActionMask = 2147483647;
			files = (
			);
			runOnlyForDeploymentPostprocessing = 0;
		};
		3E1EB16322570330000A8E49 /* Resources */ = {
			isa = PBXResourcesBuildPhase;
			buildActionMask = 2147483647;
			files = (
			);
			runOnlyForDeploymentPostprocessing = 0;
		};
/* End PBXResourcesBuildPhase section */

/* Begin PBXShellScriptBuildPhase section */
		0A83E71F6D17E9DDEC2C0482 /* [CP] Check Pods Manifest.lock */ = {
			isa = PBXShellScriptBuildPhase;
			buildActionMask = 2147483647;
			files = (
			);
			inputFileListPaths = (
			);
			inputPaths = (
				"${PODS_PODFILE_DIR_PATH}/Podfile.lock",
				"${PODS_ROOT}/Manifest.lock",
			);
			name = "[CP] Check Pods Manifest.lock";
			outputFileListPaths = (
			);
			outputPaths = (
				"$(DERIVED_FILE_DIR)/Pods-marvelapp-checkManifestLockResult.txt",
			);
			runOnlyForDeploymentPostprocessing = 0;
			shellPath = /bin/sh;
			shellScript = "diff \"${PODS_PODFILE_DIR_PATH}/Podfile.lock\" \"${PODS_ROOT}/Manifest.lock\" > /dev/null\nif [ $? != 0 ] ; then\n    # print error to STDERR\n    echo \"error: The sandbox is not in sync with the Podfile.lock. Run 'pod install' or update your CocoaPods installation.\" >&2\n    exit 1\nfi\n# This output is used by Xcode 'outputs' to avoid re-running this script phase.\necho \"SUCCESS\" > \"${SCRIPT_OUTPUT_FILE_0}\"\n";
			showEnvVarsInLog = 0;
		};
		0D6621AFE42F3BFAB356838C /* [CP] Check Pods Manifest.lock */ = {
			isa = PBXShellScriptBuildPhase;
			buildActionMask = 2147483647;
			files = (
			);
			inputFileListPaths = (
			);
			inputPaths = (
				"${PODS_PODFILE_DIR_PATH}/Podfile.lock",
				"${PODS_ROOT}/Manifest.lock",
			);
			name = "[CP] Check Pods Manifest.lock";
			outputFileListPaths = (
			);
			outputPaths = (
				"$(DERIVED_FILE_DIR)/Pods-marvelappTests-checkManifestLockResult.txt",
			);
			runOnlyForDeploymentPostprocessing = 0;
			shellPath = /bin/sh;
			shellScript = "diff \"${PODS_PODFILE_DIR_PATH}/Podfile.lock\" \"${PODS_ROOT}/Manifest.lock\" > /dev/null\nif [ $? != 0 ] ; then\n    # print error to STDERR\n    echo \"error: The sandbox is not in sync with the Podfile.lock. Run 'pod install' or update your CocoaPods installation.\" >&2\n    exit 1\nfi\n# This output is used by Xcode 'outputs' to avoid re-running this script phase.\necho \"SUCCESS\" > \"${SCRIPT_OUTPUT_FILE_0}\"\n";
			showEnvVarsInLog = 0;
		};
		58B74A961CF4028E33E15038 /* [CP] Check Pods Manifest.lock */ = {
			isa = PBXShellScriptBuildPhase;
			buildActionMask = 2147483647;
			files = (
			);
			inputFileListPaths = (
			);
			inputPaths = (
				"${PODS_PODFILE_DIR_PATH}/Podfile.lock",
				"${PODS_ROOT}/Manifest.lock",
			);
			name = "[CP] Check Pods Manifest.lock";
			outputFileListPaths = (
			);
			outputPaths = (
				"$(DERIVED_FILE_DIR)/Pods-marvelappUITests-checkManifestLockResult.txt",
			);
			runOnlyForDeploymentPostprocessing = 0;
			shellPath = /bin/sh;
			shellScript = "diff \"${PODS_PODFILE_DIR_PATH}/Podfile.lock\" \"${PODS_ROOT}/Manifest.lock\" > /dev/null\nif [ $? != 0 ] ; then\n    # print error to STDERR\n    echo \"error: The sandbox is not in sync with the Podfile.lock. Run 'pod install' or update your CocoaPods installation.\" >&2\n    exit 1\nfi\n# This output is used by Xcode 'outputs' to avoid re-running this script phase.\necho \"SUCCESS\" > \"${SCRIPT_OUTPUT_FILE_0}\"\n";
			showEnvVarsInLog = 0;
		};
		F6167164721D5C4BE815423D /* [CP] Embed Pods Frameworks */ = {
			isa = PBXShellScriptBuildPhase;
			buildActionMask = 2147483647;
			files = (
			);
			inputFileListPaths = (
			);
			inputPaths = (
				"${PODS_ROOT}/Target Support Files/Pods-marvelapp/Pods-marvelapp-frameworks.sh",
				"${BUILT_PRODUCTS_DIR}/CCBottomRefreshControl/CCBottomRefreshControl.framework",
				"${BUILT_PRODUCTS_DIR}/PureLayout/PureLayout.framework",
			);
			name = "[CP] Embed Pods Frameworks";
			outputFileListPaths = (
			);
			outputPaths = (
				"${TARGET_BUILD_DIR}/${FRAMEWORKS_FOLDER_PATH}/CCBottomRefreshControl.framework",
				"${TARGET_BUILD_DIR}/${FRAMEWORKS_FOLDER_PATH}/PureLayout.framework",
			);
			runOnlyForDeploymentPostprocessing = 0;
			shellPath = /bin/sh;
			shellScript = "\"${PODS_ROOT}/Target Support Files/Pods-marvelapp/Pods-marvelapp-frameworks.sh\"\n";
			showEnvVarsInLog = 0;
		};
/* End PBXShellScriptBuildPhase section */

/* Begin PBXSourcesBuildPhase section */
		3E1EB13F22570326000A8E49 /* Sources */ = {
			isa = PBXSourcesBuildPhase;
			buildActionMask = 2147483647;
			files = (
				152375382257F34F0049E36C /* MarvelAPI.swift in Sources */,
				1523752D2257EE6D0049E36C /* ViewController.swift in Sources */,
				152375352257EF100049E36C /* CharacterCatalogBuilder.swift in Sources */,
				155A21F12259ABD3006CF035 /* StorySummary.swift in Sources */,
				155A21FD2259B068006CF035 /* CharacterDetailHeaderTableViewCell.swift in Sources */,
				1523751D2257E53C0049E36C /* Reusable.swift in Sources */,
				1523754C225823A60049E36C /* CharacterDataContainer.swift in Sources */,
				155A21E122599DC2006CF035 /* ComicSummary.swift in Sources */,
				155A221B225AA5C7006CF035 /* md5.swift in Sources */,
				155A2220225AB136006CF035 /* LoadingViewController.swift in Sources */,
				155A21DD2259962F006CF035 /* CharacterDetailSection.swift in Sources */,
				152375312257EECB0049E36C /* CharacterCatalogViewModel.swift in Sources */,
				155A2226225AB972006CF035 /* CharacterOption.swift in Sources */,
				155A21EF2259ABC7006CF035 /* StoryList.swift in Sources */,
				155A21ED2259AB55006CF035 /* EventSummary.swift in Sources */,
				152375152257E4000049E36C /* AppCoordinator.swift in Sources */,
				1520FE3B2259875100699600 /* CharacterDetailViewController.swift in Sources */,
				155A2216225A59A0006CF035 /* MessageTableViewCellDTO.swift in Sources */,
				155A21DF22599D79006CF035 /* ComicList.swift in Sources */,
				155A2211225A5985006CF035 /* MessageTableViewCell.swift in Sources */,
				152375262257EDA10049E36C /* CatalogCoordinator.swift in Sources */,
				1569AAD422595F79004296D0 /* UIImageView+Extensions.swift in Sources */,
				1523753C2257F3DD0049E36C /* MVLHeroesService.swift in Sources */,
				155A21F52259AC16006CF035 /* SeriesSummary.swift in Sources */,
				1523752A2257EE380049E36C /* CharacterCatalogViewController.swift in Sources */,
				1520FE392259873A00699600 /* CharacterDetailViewModel.swift in Sources */,
				1523754522581F070049E36C /* Character.swift in Sources */,
				152375192257E4730049E36C /* Coordinatable.swift in Sources */,
				1523751B2257E4AE0049E36C /* Coordinator.swift in Sources */,
				155A2223225AB1A7006CF035 /* UIViewController+Extensions.swift in Sources */,
				155A22012259B1B3006CF035 /* ViewConfigurable.swift in Sources */,
				155A22052259C06B006CF035 /* CharacterContentTableViewCell.swift in Sources */,
				1520FE352259872400699600 /* CharacterDetailBuilder.swift in Sources */,
				3E1EB14722570326000A8E49 /* AppDelegate.swift in Sources */,
				1523754A225823960049E36C /* CharacterDataWrapper.swift in Sources */,
				155A220D225A5976006CF035 /* ActionTableViewCell.swift in Sources */,
				155A2214225A5991006CF035 /* ActionTableViewCellDTO.swift in Sources */,
				155A21FF2259B149006CF035 /* CharacterDetailHeaderTableViewCellDTO.swift in Sources */,
				155A21EB2259AB4B006CF035 /* EventList.swift in Sources */,
				3E1EB14F22570326000A8E49 /* marvelapp.xcdatamodeld in Sources */,
				156EA67B225AC12600CC855D /* AlertControllerPresentable.swift in Sources */,
				155A22082259C077006CF035 /* CharacterContentTableViewCellDTO.swift in Sources */,
				1523751F2257E6FD0049E36C /* NavigationCoordinator.swift in Sources */,
				1523752F2257EE890049E36C /* ViewConfiguration.swift in Sources */,
				1523754822581F550049E36C /* Image.swift in Sources */,
				155A21F32259AC0B006CF035 /* SeriesList.swift in Sources */,
				152375332257EEF70049E36C /* CharacterCatalogLogic.swift in Sources */,
				1520FE372259872E00699600 /* CharacterDetailLogic.swift in Sources */,
				15237541225807E20049E36C /* CatalogItemCollectionViewCell.swift in Sources */,
				15CB8A2A225838B100FE6A29 /* CatalogItemCollectionViewCellDTO.swift in Sources */,
			);
			runOnlyForDeploymentPostprocessing = 0;
		};
		3E1EB15622570330000A8E49 /* Sources */ = {
			isa = PBXSourcesBuildPhase;
			buildActionMask = 2147483647;
			files = (
				3E1EB15F22570330000A8E49 /* marvelappTests.swift in Sources */,
			);
			runOnlyForDeploymentPostprocessing = 0;
		};
		3E1EB16122570330000A8E49 /* Sources */ = {
			isa = PBXSourcesBuildPhase;
			buildActionMask = 2147483647;
			files = (
				3E1EB16A22570330000A8E49 /* marvelappUITests.swift in Sources */,
			);
			runOnlyForDeploymentPostprocessing = 0;
		};
/* End PBXSourcesBuildPhase section */

/* Begin PBXTargetDependency section */
		3E1EB15C22570330000A8E49 /* PBXTargetDependency */ = {
			isa = PBXTargetDependency;
			target = 3E1EB14222570326000A8E49 /* marvelapp */;
			targetProxy = 3E1EB15B22570330000A8E49 /* PBXContainerItemProxy */;
		};
		3E1EB16722570330000A8E49 /* PBXTargetDependency */ = {
			isa = PBXTargetDependency;
			target = 3E1EB14222570326000A8E49 /* marvelapp */;
			targetProxy = 3E1EB16622570330000A8E49 /* PBXContainerItemProxy */;
		};
/* End PBXTargetDependency section */

/* Begin PBXVariantGroup section */
		3E1EB14A22570326000A8E49 /* Main.storyboard */ = {
			isa = PBXVariantGroup;
			children = (
				3E1EB14B22570326000A8E49 /* Base */,
			);
			name = Main.storyboard;
			sourceTree = "<group>";
		};
		3E1EB15222570330000A8E49 /* LaunchScreen.storyboard */ = {
			isa = PBXVariantGroup;
			children = (
				3E1EB15322570330000A8E49 /* Base */,
			);
			name = LaunchScreen.storyboard;
			sourceTree = "<group>";
		};
/* End PBXVariantGroup section */

/* Begin XCBuildConfiguration section */
		3E1EB16C22570330000A8E49 /* Debug */ = {
			isa = XCBuildConfiguration;
			buildSettings = {
				ALWAYS_SEARCH_USER_PATHS = NO;
				CLANG_ANALYZER_NONNULL = YES;
				CLANG_ANALYZER_NUMBER_OBJECT_CONVERSION = YES_AGGRESSIVE;
				CLANG_CXX_LANGUAGE_STANDARD = "gnu++14";
				CLANG_CXX_LIBRARY = "libc++";
				CLANG_ENABLE_MODULES = YES;
				CLANG_ENABLE_OBJC_ARC = YES;
				CLANG_ENABLE_OBJC_WEAK = YES;
				CLANG_WARN_BLOCK_CAPTURE_AUTORELEASING = YES;
				CLANG_WARN_BOOL_CONVERSION = YES;
				CLANG_WARN_COMMA = YES;
				CLANG_WARN_CONSTANT_CONVERSION = YES;
				CLANG_WARN_DEPRECATED_OBJC_IMPLEMENTATIONS = YES;
				CLANG_WARN_DIRECT_OBJC_ISA_USAGE = YES_ERROR;
				CLANG_WARN_DOCUMENTATION_COMMENTS = YES;
				CLANG_WARN_EMPTY_BODY = YES;
				CLANG_WARN_ENUM_CONVERSION = YES;
				CLANG_WARN_INFINITE_RECURSION = YES;
				CLANG_WARN_INT_CONVERSION = YES;
				CLANG_WARN_NON_LITERAL_NULL_CONVERSION = YES;
				CLANG_WARN_OBJC_IMPLICIT_RETAIN_SELF = YES;
				CLANG_WARN_OBJC_LITERAL_CONVERSION = YES;
				CLANG_WARN_OBJC_ROOT_CLASS = YES_ERROR;
				CLANG_WARN_RANGE_LOOP_ANALYSIS = YES;
				CLANG_WARN_STRICT_PROTOTYPES = YES;
				CLANG_WARN_SUSPICIOUS_MOVE = YES;
				CLANG_WARN_UNGUARDED_AVAILABILITY = YES_AGGRESSIVE;
				CLANG_WARN_UNREACHABLE_CODE = YES;
				CLANG_WARN__DUPLICATE_METHOD_MATCH = YES;
				CODE_SIGN_IDENTITY = "iPhone Developer";
				COPY_PHASE_STRIP = NO;
				DEBUG_INFORMATION_FORMAT = dwarf;
				ENABLE_STRICT_OBJC_MSGSEND = YES;
				ENABLE_TESTABILITY = YES;
				GCC_C_LANGUAGE_STANDARD = gnu11;
				GCC_DYNAMIC_NO_PIC = NO;
				GCC_NO_COMMON_BLOCKS = YES;
				GCC_OPTIMIZATION_LEVEL = 0;
				GCC_PREPROCESSOR_DEFINITIONS = (
					"DEBUG=1",
					"$(inherited)",
				);
				GCC_WARN_64_TO_32_BIT_CONVERSION = YES;
				GCC_WARN_ABOUT_RETURN_TYPE = YES_ERROR;
				GCC_WARN_UNDECLARED_SELECTOR = YES;
				GCC_WARN_UNINITIALIZED_AUTOS = YES_AGGRESSIVE;
				GCC_WARN_UNUSED_FUNCTION = YES;
				GCC_WARN_UNUSED_VARIABLE = YES;
				IPHONEOS_DEPLOYMENT_TARGET = 12.1;
				MTL_ENABLE_DEBUG_INFO = INCLUDE_SOURCE;
				MTL_FAST_MATH = YES;
				ONLY_ACTIVE_ARCH = YES;
				SDKROOT = iphoneos;
				SWIFT_ACTIVE_COMPILATION_CONDITIONS = DEBUG;
				SWIFT_OPTIMIZATION_LEVEL = "-Onone";
			};
			name = Debug;
		};
		3E1EB16D22570330000A8E49 /* Release */ = {
			isa = XCBuildConfiguration;
			buildSettings = {
				ALWAYS_SEARCH_USER_PATHS = NO;
				CLANG_ANALYZER_NONNULL = YES;
				CLANG_ANALYZER_NUMBER_OBJECT_CONVERSION = YES_AGGRESSIVE;
				CLANG_CXX_LANGUAGE_STANDARD = "gnu++14";
				CLANG_CXX_LIBRARY = "libc++";
				CLANG_ENABLE_MODULES = YES;
				CLANG_ENABLE_OBJC_ARC = YES;
				CLANG_ENABLE_OBJC_WEAK = YES;
				CLANG_WARN_BLOCK_CAPTURE_AUTORELEASING = YES;
				CLANG_WARN_BOOL_CONVERSION = YES;
				CLANG_WARN_COMMA = YES;
				CLANG_WARN_CONSTANT_CONVERSION = YES;
				CLANG_WARN_DEPRECATED_OBJC_IMPLEMENTATIONS = YES;
				CLANG_WARN_DIRECT_OBJC_ISA_USAGE = YES_ERROR;
				CLANG_WARN_DOCUMENTATION_COMMENTS = YES;
				CLANG_WARN_EMPTY_BODY = YES;
				CLANG_WARN_ENUM_CONVERSION = YES;
				CLANG_WARN_INFINITE_RECURSION = YES;
				CLANG_WARN_INT_CONVERSION = YES;
				CLANG_WARN_NON_LITERAL_NULL_CONVERSION = YES;
				CLANG_WARN_OBJC_IMPLICIT_RETAIN_SELF = YES;
				CLANG_WARN_OBJC_LITERAL_CONVERSION = YES;
				CLANG_WARN_OBJC_ROOT_CLASS = YES_ERROR;
				CLANG_WARN_RANGE_LOOP_ANALYSIS = YES;
				CLANG_WARN_STRICT_PROTOTYPES = YES;
				CLANG_WARN_SUSPICIOUS_MOVE = YES;
				CLANG_WARN_UNGUARDED_AVAILABILITY = YES_AGGRESSIVE;
				CLANG_WARN_UNREACHABLE_CODE = YES;
				CLANG_WARN__DUPLICATE_METHOD_MATCH = YES;
				CODE_SIGN_IDENTITY = "iPhone Developer";
				COPY_PHASE_STRIP = NO;
				DEBUG_INFORMATION_FORMAT = "dwarf-with-dsym";
				ENABLE_NS_ASSERTIONS = NO;
				ENABLE_STRICT_OBJC_MSGSEND = YES;
				GCC_C_LANGUAGE_STANDARD = gnu11;
				GCC_NO_COMMON_BLOCKS = YES;
				GCC_WARN_64_TO_32_BIT_CONVERSION = YES;
				GCC_WARN_ABOUT_RETURN_TYPE = YES_ERROR;
				GCC_WARN_UNDECLARED_SELECTOR = YES;
				GCC_WARN_UNINITIALIZED_AUTOS = YES_AGGRESSIVE;
				GCC_WARN_UNUSED_FUNCTION = YES;
				GCC_WARN_UNUSED_VARIABLE = YES;
				IPHONEOS_DEPLOYMENT_TARGET = 12.1;
				MTL_ENABLE_DEBUG_INFO = NO;
				MTL_FAST_MATH = YES;
				SDKROOT = iphoneos;
				SWIFT_COMPILATION_MODE = wholemodule;
				SWIFT_OPTIMIZATION_LEVEL = "-O";
				VALIDATE_PRODUCT = YES;
			};
			name = Release;
		};
		3E1EB16F22570330000A8E49 /* Debug */ = {
			isa = XCBuildConfiguration;
			baseConfigurationReference = 0A2AB89964957A6A4FD15353 /* Pods-marvelapp.debug.xcconfig */;
			buildSettings = {
				ASSETCATALOG_COMPILER_APPICON_NAME = AppIcon;
				CODE_SIGN_STYLE = Automatic;
				DEVELOPMENT_TEAM = C6J8HNR5WQ;
				INFOPLIST_FILE = marvelapp/Info.plist;
				LD_RUNPATH_SEARCH_PATHS = (
					"$(inherited)",
					"@executable_path/Frameworks",
				);
				PRODUCT_BUNDLE_IDENTIFIER = com.felipeantoniocardoso.marvelapp.dev;
				PRODUCT_NAME = "$(TARGET_NAME)";
				SWIFT_VERSION = 4.2;
				TARGETED_DEVICE_FAMILY = "1,2";
			};
			name = Debug;
		};
		3E1EB17022570330000A8E49 /* Release */ = {
			isa = XCBuildConfiguration;
			baseConfigurationReference = A290D243142AE35AED257948 /* Pods-marvelapp.release.xcconfig */;
			buildSettings = {
				ASSETCATALOG_COMPILER_APPICON_NAME = AppIcon;
				CODE_SIGN_STYLE = Automatic;
				DEVELOPMENT_TEAM = C6J8HNR5WQ;
				INFOPLIST_FILE = marvelapp/Info.plist;
				LD_RUNPATH_SEARCH_PATHS = (
					"$(inherited)",
					"@executable_path/Frameworks",
				);
				PRODUCT_BUNDLE_IDENTIFIER = com.felipeantoniocardoso.marvelapp.dev;
				PRODUCT_NAME = "$(TARGET_NAME)";
				SWIFT_VERSION = 4.2;
				TARGETED_DEVICE_FAMILY = "1,2";
			};
			name = Release;
		};
		3E1EB17222570330000A8E49 /* Debug */ = {
			isa = XCBuildConfiguration;
			baseConfigurationReference = 3C83A76370F93B477EF48F67 /* Pods-marvelappTests.debug.xcconfig */;
			buildSettings = {
				ALWAYS_EMBED_SWIFT_STANDARD_LIBRARIES = YES;
				BUNDLE_LOADER = "$(TEST_HOST)";
				CODE_SIGN_STYLE = Automatic;
				DEVELOPMENT_TEAM = 6S2QHFGTQK;
				INFOPLIST_FILE = marvelappTests/Info.plist;
				LD_RUNPATH_SEARCH_PATHS = (
					"$(inherited)",
					"@executable_path/Frameworks",
					"@loader_path/Frameworks",
				);
				PRODUCT_BUNDLE_IDENTIFIER = com.felipeantoniocardoso.marvelappTests;
				PRODUCT_NAME = "$(TARGET_NAME)";
				SWIFT_VERSION = 4.2;
				TARGETED_DEVICE_FAMILY = "1,2";
				TEST_HOST = "$(BUILT_PRODUCTS_DIR)/marvelapp.app/marvelapp";
			};
			name = Debug;
		};
		3E1EB17322570330000A8E49 /* Release */ = {
			isa = XCBuildConfiguration;
			baseConfigurationReference = 51DCEC98336F6A3C491A5645 /* Pods-marvelappTests.release.xcconfig */;
			buildSettings = {
				ALWAYS_EMBED_SWIFT_STANDARD_LIBRARIES = YES;
				BUNDLE_LOADER = "$(TEST_HOST)";
				CODE_SIGN_STYLE = Automatic;
				DEVELOPMENT_TEAM = 6S2QHFGTQK;
				INFOPLIST_FILE = marvelappTests/Info.plist;
				LD_RUNPATH_SEARCH_PATHS = (
					"$(inherited)",
					"@executable_path/Frameworks",
					"@loader_path/Frameworks",
				);
				PRODUCT_BUNDLE_IDENTIFIER = com.felipeantoniocardoso.marvelappTests;
				PRODUCT_NAME = "$(TARGET_NAME)";
				SWIFT_VERSION = 4.2;
				TARGETED_DEVICE_FAMILY = "1,2";
				TEST_HOST = "$(BUILT_PRODUCTS_DIR)/marvelapp.app/marvelapp";
			};
			name = Release;
		};
		3E1EB17522570330000A8E49 /* Debug */ = {
			isa = XCBuildConfiguration;
			baseConfigurationReference = 695C247406ADEB9428F01ADC /* Pods-marvelappUITests.debug.xcconfig */;
			buildSettings = {
				ALWAYS_EMBED_SWIFT_STANDARD_LIBRARIES = YES;
				CODE_SIGN_STYLE = Automatic;
				DEVELOPMENT_TEAM = 6S2QHFGTQK;
				INFOPLIST_FILE = marvelappUITests/Info.plist;
				LD_RUNPATH_SEARCH_PATHS = (
					"$(inherited)",
					"@executable_path/Frameworks",
					"@loader_path/Frameworks",
				);
				PRODUCT_BUNDLE_IDENTIFIER = com.felipeantoniocardoso.marvelappUITests;
				PRODUCT_NAME = "$(TARGET_NAME)";
				SWIFT_VERSION = 4.2;
				TARGETED_DEVICE_FAMILY = "1,2";
				TEST_TARGET_NAME = marvelapp;
			};
			name = Debug;
		};
		3E1EB17622570330000A8E49 /* Release */ = {
			isa = XCBuildConfiguration;
			baseConfigurationReference = CB6C661E874AD3DEAD028EDE /* Pods-marvelappUITests.release.xcconfig */;
			buildSettings = {
				ALWAYS_EMBED_SWIFT_STANDARD_LIBRARIES = YES;
				CODE_SIGN_STYLE = Automatic;
				DEVELOPMENT_TEAM = 6S2QHFGTQK;
				INFOPLIST_FILE = marvelappUITests/Info.plist;
				LD_RUNPATH_SEARCH_PATHS = (
					"$(inherited)",
					"@executable_path/Frameworks",
					"@loader_path/Frameworks",
				);
				PRODUCT_BUNDLE_IDENTIFIER = com.felipeantoniocardoso.marvelappUITests;
				PRODUCT_NAME = "$(TARGET_NAME)";
				SWIFT_VERSION = 4.2;
				TARGETED_DEVICE_FAMILY = "1,2";
				TEST_TARGET_NAME = marvelapp;
			};
			name = Release;
		};
/* End XCBuildConfiguration section */

/* Begin XCConfigurationList section */
		3E1EB13E22570326000A8E49 /* Build configuration list for PBXProject "marvelapp" */ = {
			isa = XCConfigurationList;
			buildConfigurations = (
				3E1EB16C22570330000A8E49 /* Debug */,
				3E1EB16D22570330000A8E49 /* Release */,
			);
			defaultConfigurationIsVisible = 0;
			defaultConfigurationName = Release;
		};
		3E1EB16E22570330000A8E49 /* Build configuration list for PBXNativeTarget "marvelapp" */ = {
			isa = XCConfigurationList;
			buildConfigurations = (
				3E1EB16F22570330000A8E49 /* Debug */,
				3E1EB17022570330000A8E49 /* Release */,
			);
			defaultConfigurationIsVisible = 0;
			defaultConfigurationName = Release;
		};
		3E1EB17122570330000A8E49 /* Build configuration list for PBXNativeTarget "marvelappTests" */ = {
			isa = XCConfigurationList;
			buildConfigurations = (
				3E1EB17222570330000A8E49 /* Debug */,
				3E1EB17322570330000A8E49 /* Release */,
			);
			defaultConfigurationIsVisible = 0;
			defaultConfigurationName = Release;
		};
		3E1EB17422570330000A8E49 /* Build configuration list for PBXNativeTarget "marvelappUITests" */ = {
			isa = XCConfigurationList;
			buildConfigurations = (
				3E1EB17522570330000A8E49 /* Debug */,
				3E1EB17622570330000A8E49 /* Release */,
			);
			defaultConfigurationIsVisible = 0;
			defaultConfigurationName = Release;
		};
/* End XCConfigurationList section */

/* Begin XCVersionGroup section */
		3E1EB14D22570326000A8E49 /* marvelapp.xcdatamodeld */ = {
			isa = XCVersionGroup;
			children = (
				3E1EB14E22570326000A8E49 /* marvelapp.xcdatamodel */,
			);
			currentVersion = 3E1EB14E22570326000A8E49 /* marvelapp.xcdatamodel */;
			path = marvelapp.xcdatamodeld;
			sourceTree = "<group>";
			versionGroupType = wrapper.xcdatamodel;
		};
/* End XCVersionGroup section */
	};
	rootObject = 3E1EB13B22570326000A8E49 /* Project object */;
}
